// !$*UTF8*$!
{
	archiveVersion = 1;
	classes = {
	};
	objectVersion = 56;
	objects = {

/* Begin PBXBuildFile section */
		F405DA5A2A16B6D100EFEA2B /* Extensions.swift in Sources */ = {isa = PBXBuildFile; fileRef = F405DA592A16B6D100EFEA2B /* Extensions.swift */; };
		F474CA232A1637B0004033C1 /* Comic.swift in Sources */ = {isa = PBXBuildFile; fileRef = F474CA222A1637B0004033C1 /* Comic.swift */; };
		F474CA262A16380C004033C1 /* DataManager.swift in Sources */ = {isa = PBXBuildFile; fileRef = F474CA252A16380C004033C1 /* DataManager.swift */; };
		F474CA282A164008004033C1 /* CompositionalLayout.swift in Sources */ = {isa = PBXBuildFile; fileRef = F474CA272A164008004033C1 /* CompositionalLayout.swift */; };
		F4795E4F2A1650CF00E64A26 /* ComicCell.swift in Sources */ = {isa = PBXBuildFile; fileRef = F4795E4E2A1650CF00E64A26 /* ComicCell.swift */; };
		F4CAC0F42A168D9100574654 /* ComicViewController.swift in Sources */ = {isa = PBXBuildFile; fileRef = F4CAC0F32A168D9100574654 /* ComicViewController.swift */; };
		F4CAC0F62A16901300574654 /* LoadingSpinnerViewController.swift in Sources */ = {isa = PBXBuildFile; fileRef = F4CAC0F52A16901300574654 /* LoadingSpinnerViewController.swift */; };
		F4FB03492A1631080068BD5E /* AppDelegate.swift in Sources */ = {isa = PBXBuildFile; fileRef = F4FB03482A1631080068BD5E /* AppDelegate.swift */; };
		F4FB034B2A1631080068BD5E /* SceneDelegate.swift in Sources */ = {isa = PBXBuildFile; fileRef = F4FB034A2A1631080068BD5E /* SceneDelegate.swift */; };
		F4FB034D2A1631080068BD5E /* ListComicsViewController.swift in Sources */ = {isa = PBXBuildFile; fileRef = F4FB034C2A1631080068BD5E /* ListComicsViewController.swift */; };
		F4FB03502A1631080068BD5E /* Main.storyboard in Resources */ = {isa = PBXBuildFile; fileRef = F4FB034E2A1631080068BD5E /* Main.storyboard */; };
		F4FB03532A1631080068BD5E /* Shortcut_oppgave.xcdatamodeld in Sources */ = {isa = PBXBuildFile; fileRef = F4FB03512A1631080068BD5E /* Shortcut_oppgave.xcdatamodeld */; };
		F4FB03552A1631090068BD5E /* Assets.xcassets in Resources */ = {isa = PBXBuildFile; fileRef = F4FB03542A1631090068BD5E /* Assets.xcassets */; };
		F4FB03582A1631090068BD5E /* LaunchScreen.storyboard in Resources */ = {isa = PBXBuildFile; fileRef = F4FB03562A1631090068BD5E /* LaunchScreen.storyboard */; };
/* End PBXBuildFile section */

/* Begin PBXFileReference section */
		F405DA592A16B6D100EFEA2B /* Extensions.swift */ = {isa = PBXFileReference; lastKnownFileType = sourcecode.swift; path = Extensions.swift; sourceTree = "<group>"; };
		F474CA222A1637B0004033C1 /* Comic.swift */ = {isa = PBXFileReference; lastKnownFileType = sourcecode.swift; path = Comic.swift; sourceTree = "<group>"; };
		F474CA252A16380C004033C1 /* DataManager.swift */ = {isa = PBXFileReference; lastKnownFileType = sourcecode.swift; path = DataManager.swift; sourceTree = "<group>"; };
		F474CA272A164008004033C1 /* CompositionalLayout.swift */ = {isa = PBXFileReference; lastKnownFileType = sourcecode.swift; path = CompositionalLayout.swift; sourceTree = "<group>"; };
		F4795E4E2A1650CF00E64A26 /* ComicCell.swift */ = {isa = PBXFileReference; lastKnownFileType = sourcecode.swift; path = ComicCell.swift; sourceTree = "<group>"; };
		F4CAC0F32A168D9100574654 /* ComicViewController.swift */ = {isa = PBXFileReference; lastKnownFileType = sourcecode.swift; path = ComicViewController.swift; sourceTree = "<group>"; };
		F4CAC0F52A16901300574654 /* LoadingSpinnerViewController.swift */ = {isa = PBXFileReference; lastKnownFileType = sourcecode.swift; path = LoadingSpinnerViewController.swift; sourceTree = "<group>"; };
		F4FB03452A1631080068BD5E /* Shortcut.oppgave.app */ = {isa = PBXFileReference; explicitFileType = wrapper.application; includeInIndex = 0; path = Shortcut.oppgave.app; sourceTree = BUILT_PRODUCTS_DIR; };
		F4FB03482A1631080068BD5E /* AppDelegate.swift */ = {isa = PBXFileReference; lastKnownFileType = sourcecode.swift; path = AppDelegate.swift; sourceTree = "<group>"; };
		F4FB034A2A1631080068BD5E /* SceneDelegate.swift */ = {isa = PBXFileReference; lastKnownFileType = sourcecode.swift; path = SceneDelegate.swift; sourceTree = "<group>"; };
		F4FB034C2A1631080068BD5E /* ListComicsViewController.swift */ = {isa = PBXFileReference; lastKnownFileType = sourcecode.swift; path = ListComicsViewController.swift; sourceTree = "<group>"; };
		F4FB034F2A1631080068BD5E /* Base */ = {isa = PBXFileReference; lastKnownFileType = file.storyboard; name = Base; path = Base.lproj/Main.storyboard; sourceTree = "<group>"; };
		F4FB03522A1631080068BD5E /* Shortcut_oppgave.xcdatamodel */ = {isa = PBXFileReference; lastKnownFileType = wrapper.xcdatamodel; path = Shortcut_oppgave.xcdatamodel; sourceTree = "<group>"; };
		F4FB03542A1631090068BD5E /* Assets.xcassets */ = {isa = PBXFileReference; lastKnownFileType = folder.assetcatalog; path = Assets.xcassets; sourceTree = "<group>"; };
		F4FB03572A1631090068BD5E /* Base */ = {isa = PBXFileReference; lastKnownFileType = file.storyboard; name = Base; path = Base.lproj/LaunchScreen.storyboard; sourceTree = "<group>"; };
		F4FB03592A1631090068BD5E /* Info.plist */ = {isa = PBXFileReference; lastKnownFileType = text.plist.xml; path = Info.plist; sourceTree = "<group>"; };
/* End PBXFileReference section */

/* Begin PBXFrameworksBuildPhase section */
		F4FB03422A1631080068BD5E /* Frameworks */ = {
			isa = PBXFrameworksBuildPhase;
			buildActionMask = 2147483647;
			files = (
			);
			runOnlyForDeploymentPostprocessing = 0;
		};
/* End PBXFrameworksBuildPhase section */

/* Begin PBXGroup section */
		F474CA202A163727004033C1 /* Controllers */ = {
			isa = PBXGroup;
			children = (
				F4FB034C2A1631080068BD5E /* ListComicsViewController.swift */,
				F4CAC0F32A168D9100574654 /* ComicViewController.swift */,
			);
			path = Controllers;
			sourceTree = "<group>";
		};
		F474CA212A163732004033C1 /* Model */ = {
			isa = PBXGroup;
			children = (
				F474CA252A16380C004033C1 /* DataManager.swift */,
				F474CA222A1637B0004033C1 /* Comic.swift */,
			);
			path = Model;
			sourceTree = "<group>";
		};
		F474CA242A1637E9004033C1 /* Helpers */ = {
			isa = PBXGroup;
			children = (
				F474CA272A164008004033C1 /* CompositionalLayout.swift */,
				F4CAC0F52A16901300574654 /* LoadingSpinnerViewController.swift */,
				F405DA592A16B6D100EFEA2B /* Extensions.swift */,
			);
			path = Helpers;
			sourceTree = "<group>";
		};
		F4795E4D2A16509600E64A26 /* View */ = {
			isa = PBXGroup;
			children = (
				F4795E4E2A1650CF00E64A26 /* ComicCell.swift */,
			);
			path = View;
			sourceTree = "<group>";
		};
		F4FB033C2A1631080068BD5E = {
			isa = PBXGroup;
			children = (
				F4FB03472A1631080068BD5E /* Shortcut.oppgave */,
				F4FB03462A1631080068BD5E /* Products */,
			);
			sourceTree = "<group>";
		};
		F4FB03462A1631080068BD5E /* Products */ = {
			isa = PBXGroup;
			children = (
				F4FB03452A1631080068BD5E /* Shortcut.oppgave.app */,
			);
			name = Products;
			sourceTree = "<group>";
		};
		F4FB03472A1631080068BD5E /* Shortcut.oppgave */ = {
			isa = PBXGroup;
			children = (
				F4FB035F2A1631750068BD5E /* Supporting files */,
				F474CA242A1637E9004033C1 /* Helpers */,
				F474CA212A163732004033C1 /* Model */,
				F474CA202A163727004033C1 /* Controllers */,
				F4795E4D2A16509600E64A26 /* View */,
				F4FB034E2A1631080068BD5E /* Main.storyboard */,
				F4FB03542A1631090068BD5E /* Assets.xcassets */,
				F4FB03562A1631090068BD5E /* LaunchScreen.storyboard */,
				F4FB03592A1631090068BD5E /* Info.plist */,
				F4FB03512A1631080068BD5E /* Shortcut_oppgave.xcdatamodeld */,
			);
			path = Shortcut.oppgave;
			sourceTree = "<group>";
		};
		F4FB035F2A1631750068BD5E /* Supporting files */ = {
			isa = PBXGroup;
			children = (
				F4FB03482A1631080068BD5E /* AppDelegate.swift */,
				F4FB034A2A1631080068BD5E /* SceneDelegate.swift */,
			);
			path = "Supporting files";
			sourceTree = "<group>";
		};
/* End PBXGroup section */

/* Begin PBXNativeTarget section */
		F4FB03442A1631080068BD5E /* Shortcut.oppgave */ = {
			isa = PBXNativeTarget;
			buildConfigurationList = F4FB035C2A1631090068BD5E /* Build configuration list for PBXNativeTarget "Shortcut.oppgave" */;
			buildPhases = (
				F4FB03412A1631080068BD5E /* Sources */,
				F4FB03422A1631080068BD5E /* Frameworks */,
				F4FB03432A1631080068BD5E /* Resources */,
			);
			buildRules = (
			);
			dependencies = (
			);
			name = Shortcut.oppgave;
			productName = Shortcut.oppgave;
			productReference = F4FB03452A1631080068BD5E /* Shortcut.oppgave.app */;
			productType = "com.apple.product-type.application";
		};
/* End PBXNativeTarget section */

/* Begin PBXProject section */
		F4FB033D2A1631080068BD5E /* Project object */ = {
			isa = PBXProject;
			attributes = {
				BuildIndependentTargetsInParallel = 1;
				LastSwiftUpdateCheck = 1410;
				LastUpgradeCheck = 1410;
				TargetAttributes = {
					F4FB03442A1631080068BD5E = {
						CreatedOnToolsVersion = 14.1;
					};
				};
			};
			buildConfigurationList = F4FB03402A1631080068BD5E /* Build configuration list for PBXProject "Shortcut.oppgave" */;
			compatibilityVersion = "Xcode 14.0";
			developmentRegion = en;
			hasScannedForEncodings = 0;
			knownRegions = (
				en,
				Base,
			);
			mainGroup = F4FB033C2A1631080068BD5E;
			productRefGroup = F4FB03462A1631080068BD5E /* Products */;
			projectDirPath = "";
			projectRoot = "";
			targets = (
				F4FB03442A1631080068BD5E /* Shortcut.oppgave */,
			);
		};
/* End PBXProject section */

/* Begin PBXResourcesBuildPhase section */
		F4FB03432A1631080068BD5E /* Resources */ = {
			isa = PBXResourcesBuildPhase;
			buildActionMask = 2147483647;
			files = (
				F4FB03582A1631090068BD5E /* LaunchScreen.storyboard in Resources */,
				F4FB03552A1631090068BD5E /* Assets.xcassets in Resources */,
				F4FB03502A1631080068BD5E /* Main.storyboard in Resources */,
			);
			runOnlyForDeploymentPostprocessing = 0;
		};
/* End PBXResourcesBuildPhase section */

/* Begin PBXSourcesBuildPhase section */
		F4FB03412A1631080068BD5E /* Sources */ = {
			isa = PBXSourcesBuildPhase;
			buildActionMask = 2147483647;
			files = (
				F474CA282A164008004033C1 /* CompositionalLayout.swift in Sources */,
				F4FB034D2A1631080068BD5E /* ListComicsViewController.swift in Sources */,
				F4CAC0F42A168D9100574654 /* ComicViewController.swift in Sources */,
				F474CA262A16380C004033C1 /* DataManager.swift in Sources */,
				F4FB03492A1631080068BD5E /* AppDelegate.swift in Sources */,
				F474CA232A1637B0004033C1 /* Comic.swift in Sources */,
				F4795E4F2A1650CF00E64A26 /* ComicCell.swift in Sources */,
				F4FB03532A1631080068BD5E /* Shortcut_oppgave.xcdatamodeld in Sources */,
				F4FB034B2A1631080068BD5E /* SceneDelegate.swift in Sources */,
				F405DA5A2A16B6D100EFEA2B /* Extensions.swift in Sources */,
				F4CAC0F62A16901300574654 /* LoadingSpinnerViewController.swift in Sources */,
			);
			runOnlyForDeploymentPostprocessing = 0;
		};
/* End PBXSourcesBuildPhase section */

/* Begin PBXVariantGroup section */
		F4FB034E2A1631080068BD5E /* Main.storyboard */ = {
			isa = PBXVariantGroup;
			children = (
				F4FB034F2A1631080068BD5E /* Base */,
			);
			name = Main.storyboard;
			sourceTree = "<group>";
		};
		F4FB03562A1631090068BD5E /* LaunchScreen.storyboard */ = {
			isa = PBXVariantGroup;
			children = (
				F4FB03572A1631090068BD5E /* Base */,
			);
			name = LaunchScreen.storyboard;
			sourceTree = "<group>";
		};
/* End PBXVariantGroup section */

/* Begin XCBuildConfiguration section */
		F4FB035A2A1631090068BD5E /* Debug */ = {
			isa = XCBuildConfiguration;
			buildSettings = {
				ALWAYS_SEARCH_USER_PATHS = NO;
				CLANG_ANALYZER_NONNULL = YES;
				CLANG_ANALYZER_NUMBER_OBJECT_CONVERSION = YES_AGGRESSIVE;
				CLANG_CXX_LANGUAGE_STANDARD = "gnu++20";
				CLANG_ENABLE_MODULES = YES;
				CLANG_ENABLE_OBJC_ARC = YES;
				CLANG_ENABLE_OBJC_WEAK = YES;
				CLANG_WARN_BLOCK_CAPTURE_AUTORELEASING = YES;
				CLANG_WARN_BOOL_CONVERSION = YES;
				CLANG_WARN_COMMA = YES;
				CLANG_WARN_CONSTANT_CONVERSION = YES;
				CLANG_WARN_DEPRECATED_OBJC_IMPLEMENTATIONS = YES;
				CLANG_WARN_DIRECT_OBJC_ISA_USAGE = YES_ERROR;
				CLANG_WARN_DOCUMENTATION_COMMENTS = YES;
				CLANG_WARN_EMPTY_BODY = YES;
				CLANG_WARN_ENUM_CONVERSION = YES;
				CLANG_WARN_INFINITE_RECURSION = YES;
				CLANG_WARN_INT_CONVERSION = YES;
				CLANG_WARN_NON_LITERAL_NULL_CONVERSION = YES;
				CLANG_WARN_OBJC_IMPLICIT_RETAIN_SELF = YES;
				CLANG_WARN_OBJC_LITERAL_CONVERSION = YES;
				CLANG_WARN_OBJC_ROOT_CLASS = YES_ERROR;
				CLANG_WARN_QUOTED_INCLUDE_IN_FRAMEWORK_HEADER = YES;
				CLANG_WARN_RANGE_LOOP_ANALYSIS = YES;
				CLANG_WARN_STRICT_PROTOTYPES = YES;
				CLANG_WARN_SUSPICIOUS_MOVE = YES;
				CLANG_WARN_UNGUARDED_AVAILABILITY = YES_AGGRESSIVE;
				CLANG_WARN_UNREACHABLE_CODE = YES;
				CLANG_WARN__DUPLICATE_METHOD_MATCH = YES;
				COPY_PHASE_STRIP = NO;
				DEBUG_INFORMATION_FORMAT = dwarf;
				ENABLE_STRICT_OBJC_MSGSEND = YES;
				ENABLE_TESTABILITY = YES;
				GCC_C_LANGUAGE_STANDARD = gnu11;
				GCC_DYNAMIC_NO_PIC = NO;
				GCC_NO_COMMON_BLOCKS = YES;
				GCC_OPTIMIZATION_LEVEL = 0;
				GCC_PREPROCESSOR_DEFINITIONS = (
					"DEBUG=1",
					"$(inherited)",
				);
				GCC_WARN_64_TO_32_BIT_CONVERSION = YES;
				GCC_WARN_ABOUT_RETURN_TYPE = YES_ERROR;
				GCC_WARN_UNDECLARED_SELECTOR = YES;
				GCC_WARN_UNINITIALIZED_AUTOS = YES_AGGRESSIVE;
				GCC_WARN_UNUSED_FUNCTION = YES;
				GCC_WARN_UNUSED_VARIABLE = YES;
				IPHONEOS_DEPLOYMENT_TARGET = 16.1;
				MTL_ENABLE_DEBUG_INFO = INCLUDE_SOURCE;
				MTL_FAST_MATH = YES;
				ONLY_ACTIVE_ARCH = YES;
				SDKROOT = iphoneos;
				SWIFT_ACTIVE_COMPILATION_CONDITIONS = DEBUG;
				SWIFT_OPTIMIZATION_LEVEL = "-Onone";
			};
			name = Debug;
		};
		F4FB035B2A1631090068BD5E /* Release */ = {
			isa = XCBuildConfiguration;
			buildSettings = {
				ALWAYS_SEARCH_USER_PATHS = NO;
				CLANG_ANALYZER_NONNULL = YES;
				CLANG_ANALYZER_NUMBER_OBJECT_CONVERSION = YES_AGGRESSIVE;
				CLANG_CXX_LANGUAGE_STANDARD = "gnu++20";
				CLANG_ENABLE_MODULES = YES;
				CLANG_ENABLE_OBJC_ARC = YES;
				CLANG_ENABLE_OBJC_WEAK = YES;
				CLANG_WARN_BLOCK_CAPTURE_AUTORELEASING = YES;
				CLANG_WARN_BOOL_CONVERSION = YES;
				CLANG_WARN_COMMA = YES;
				CLANG_WARN_CONSTANT_CONVERSION = YES;
				CLANG_WARN_DEPRECATED_OBJC_IMPLEMENTATIONS = YES;
				CLANG_WARN_DIRECT_OBJC_ISA_USAGE = YES_ERROR;
				CLANG_WARN_DOCUMENTATION_COMMENTS = YES;
				CLANG_WARN_EMPTY_BODY = YES;
				CLANG_WARN_ENUM_CONVERSION = YES;
				CLANG_WARN_INFINITE_RECURSION = YES;
				CLANG_WARN_INT_CONVERSION = YES;
				CLANG_WARN_NON_LITERAL_NULL_CONVERSION = YES;
				CLANG_WARN_OBJC_IMPLICIT_RETAIN_SELF = YES;
				CLANG_WARN_OBJC_LITERAL_CONVERSION = YES;
				CLANG_WARN_OBJC_ROOT_CLASS = YES_ERROR;
				CLANG_WARN_QUOTED_INCLUDE_IN_FRAMEWORK_HEADER = YES;
				CLANG_WARN_RANGE_LOOP_ANALYSIS = YES;
				CLANG_WARN_STRICT_PROTOTYPES = YES;
				CLANG_WARN_SUSPICIOUS_MOVE = YES;
				CLANG_WARN_UNGUARDED_AVAILABILITY = YES_AGGRESSIVE;
				CLANG_WARN_UNREACHABLE_CODE = YES;
				CLANG_WARN__DUPLICATE_METHOD_MATCH = YES;
				COPY_PHASE_STRIP = NO;
				DEBUG_INFORMATION_FORMAT = "dwarf-with-dsym";
				ENABLE_NS_ASSERTIONS = NO;
				ENABLE_STRICT_OBJC_MSGSEND = YES;
				GCC_C_LANGUAGE_STANDARD = gnu11;
				GCC_NO_COMMON_BLOCKS = YES;
				GCC_WARN_64_TO_32_BIT_CONVERSION = YES;
				GCC_WARN_ABOUT_RETURN_TYPE = YES_ERROR;
				GCC_WARN_UNDECLARED_SELECTOR = YES;
				GCC_WARN_UNINITIALIZED_AUTOS = YES_AGGRESSIVE;
				GCC_WARN_UNUSED_FUNCTION = YES;
				GCC_WARN_UNUSED_VARIABLE = YES;
				IPHONEOS_DEPLOYMENT_TARGET = 16.1;
				MTL_ENABLE_DEBUG_INFO = NO;
				MTL_FAST_MATH = YES;
				SDKROOT = iphoneos;
				SWIFT_COMPILATION_MODE = wholemodule;
				SWIFT_OPTIMIZATION_LEVEL = "-O";
				VALIDATE_PRODUCT = YES;
			};
			name = Release;
		};
		F4FB035D2A1631090068BD5E /* Debug */ = {
			isa = XCBuildConfiguration;
			buildSettings = {
				ASSETCATALOG_COMPILER_APPICON_NAME = AppIcon;
				ASSETCATALOG_COMPILER_GLOBAL_ACCENT_COLOR_NAME = AccentColor;
				CODE_SIGN_STYLE = Automatic;
				CURRENT_PROJECT_VERSION = 1;
				DEVELOPMENT_TEAM = JKSTN7LX37;
				GENERATE_INFOPLIST_FILE = YES;
				INFOPLIST_FILE = Shortcut.oppgave/Info.plist;
				INFOPLIST_KEY_UIApplicationSupportsIndirectInputEvents = YES;
				INFOPLIST_KEY_UILaunchStoryboardName = LaunchScreen;
				INFOPLIST_KEY_UIMainStoryboardFile = Main;
				INFOPLIST_KEY_UISupportedInterfaceOrientations_iPad = "UIInterfaceOrientationPortrait UIInterfaceOrientationPortraitUpsideDown UIInterfaceOrientationLandscapeLeft UIInterfaceOrientationLandscapeRight";
				INFOPLIST_KEY_UISupportedInterfaceOrientations_iPhone = "UIInterfaceOrientationPortrait UIInterfaceOrientationLandscapeLeft UIInterfaceOrientationLandscapeRight";
				LD_RUNPATH_SEARCH_PATHS = (
					"$(inherited)",
					"@executable_path/Frameworks",
				);
				MARKETING_VERSION = 1.0;
				PRODUCT_BUNDLE_IDENTIFIER = "no.shortcut-oppgave.Shortcut-oppgave";
				PRODUCT_NAME = "$(TARGET_NAME)";
				SWIFT_EMIT_LOC_STRINGS = YES;
				SWIFT_VERSION = 5.0;
				TARGETED_DEVICE_FAMILY = "1,2";
			};
			name = Debug;
		};
		F4FB035E2A1631090068BD5E /* Release */ = {
			isa = XCBuildConfiguration;
			buildSettings = {
				ASSETCATALOG_COMPILER_APPICON_NAME = AppIcon;
				ASSETCATALOG_COMPILER_GLOBAL_ACCENT_COLOR_NAME = AccentColor;
				CODE_SIGN_STYLE = Automatic;
				CURRENT_PROJECT_VERSION = 1;
				DEVELOPMENT_TEAM = JKSTN7LX37;
				GENERATE_INFOPLIST_FILE = YES;
				INFOPLIST_FILE = Shortcut.oppgave/Info.plist;
				INFOPLIST_KEY_UIApplicationSupportsIndirectInputEvents = YES;
				INFOPLIST_KEY_UILaunchStoryboardName = LaunchScreen;
				INFOPLIST_KEY_UIMainStoryboardFile = Main;
				INFOPLIST_KEY_UISupportedInterfaceOrientations_iPad = "UIInterfaceOrientationPortrait UIInterfaceOrientationPortraitUpsideDown UIInterfaceOrientationLandscapeLeft UIInterfaceOrientationLandscapeRight";
				INFOPLIST_KEY_UISupportedInterfaceOrientations_iPhone = "UIInterfaceOrientationPortrait UIInterfaceOrientationLandscapeLeft UIInterfaceOrientationLandscapeRight";
				LD_RUNPATH_SEARCH_PATHS = (
					"$(inherited)",
					"@executable_path/Frameworks",
				);
				MARKETING_VERSION = 1.0;
				PRODUCT_BUNDLE_IDENTIFIER = "no.shortcut-oppgave.Shortcut-oppgave";
				PRODUCT_NAME = "$(TARGET_NAME)";
				SWIFT_EMIT_LOC_STRINGS = YES;
				SWIFT_VERSION = 5.0;
				TARGETED_DEVICE_FAMILY = "1,2";
			};
			name = Release;
		};
/* End XCBuildConfiguration section */

/* Begin XCConfigurationList section */
		F4FB03402A1631080068BD5E /* Build configuration list for PBXProject "Shortcut.oppgave" */ = {
			isa = XCConfigurationList;
			buildConfigurations = (
				F4FB035A2A1631090068BD5E /* Debug */,
				F4FB035B2A1631090068BD5E /* Release */,
			);
			defaultConfigurationIsVisible = 0;
			defaultConfigurationName = Release;
		};
		F4FB035C2A1631090068BD5E /* Build configuration list for PBXNativeTarget "Shortcut.oppgave" */ = {
			isa = XCConfigurationList;
			buildConfigurations = (
				F4FB035D2A1631090068BD5E /* Debug */,
				F4FB035E2A1631090068BD5E /* Release */,
			);
			defaultConfigurationIsVisible = 0;
			defaultConfigurationName = Release;
		};
/* End XCConfigurationList section */

/* Begin XCVersionGroup section */
		F4FB03512A1631080068BD5E /* Shortcut_oppgave.xcdatamodeld */ = {
			isa = XCVersionGroup;
			children = (
				F4FB03522A1631080068BD5E /* Shortcut_oppgave.xcdatamodel */,
			);
			currentVersion = F4FB03522A1631080068BD5E /* Shortcut_oppgave.xcdatamodel */;
			path = Shortcut_oppgave.xcdatamodeld;
			sourceTree = "<group>";
			versionGroupType = wrapper.xcdatamodel;
		};
/* End XCVersionGroup section */
	};
	rootObject = F4FB033D2A1631080068BD5E /* Project object */;
}
